
Microsoft Visual Studio Solution File, Format Version 12.00
# Visual Studio Version 17
VisualStudioVersion = 17.11.35327.3
MinimumVisualStudioVersion = 10.0.40219.1
Project("{9A19103F-16F7-4668-BE54-9A1E7A4F7556}") = "demoApi", "demoApi.csproj", "{BEB5D895-4920-4B78-A5A1-80D6288AC34B}"
EndProject
Project("{FAE04EC0-301F-11D3-BF4B-00C04F79EFBC}") = "lth.bussines", "..\lth.bussines\lth.bussines.csproj", "{97E41F04-C4C6-427B-99AF-643B1585D561}"
EndProject
Global
	GlobalSection(SolutionConfigurationPlatforms) = preSolution
		Debug|Any CPU = Debug|Any CPU
		Release|Any CPU = Release|Any CPU
	EndGlobalSection
	GlobalSection(ProjectConfigurationPlatforms) = postSolution
		{BEB5D895-4920-4B78-A5A1-80D6288AC34B}.Debug|Any CPU.ActiveCfg = Debug|Any CPU
		{BEB5D895-4920-4B78-A5A1-80D6288AC34B}.Debug|Any CPU.Build.0 = Debug|Any CPU
		{BEB5D895-4920-4B78-A5A1-80D6288AC34B}.Release|Any CPU.ActiveCfg = Release|Any CPU
		{BEB5D895-4920-4B78-A5A1-80D6288AC34B}.Release|Any CPU.Build.0 = Release|Any CPU
		{97E41F04-C4C6-427B-99AF-643B1585D561}.Debug|Any CPU.ActiveCfg = Debug|Any CPU
		{97E41F04-C4C6-427B-99AF-643B1585D561}.Debug|Any CPU.Build.0 = Debug|Any CPU
		{97E41F04-C4C6-427B-99AF-643B1585D561}.Release|Any CPU.ActiveCfg = Release|Any CPU
		{97E41F04-C4C6-427B-99AF-643B1585D561}.Release|Any CPU.Build.0 = Release|Any CPU
	EndGlobalSection
	GlobalSection(SolutionProperties) = preSolution
		HideSolutionNode = FALSE
	EndGlobalSection
	GlobalSection(ExtensibilityGlobals) = postSolution
		SolutionGuid = {51CD730C-BD01-46F5-BACB-735D6CFB423B}
	EndGlobalSection
EndGlobal
