
Microsoft Visual Studio Solution File, Format Version 12.00
# Visual Studio Version 17
VisualStudioVersion = 17.11.35327.3
MinimumVisualStudioVersion = 10.0.40219.1
Project("{9A19103F-16F7-4668-BE54-9A1E7A4F7556}") = "demoApi", "demoApi\demoApi.csproj", "{0ACB792D-5286-4568-9842-C53FE9532162}"
EndProject
Project("{9A19103F-16F7-4668-BE54-9A1E7A4F7556}") = "lth.bussines", "lth.bussines\lth.bussines.csproj", "{16CCAAA1-9D98-485A-A4CE-7FABF5A71840}"
EndProject
Global
	GlobalSection(SolutionConfigurationPlatforms) = preSolution
		Debug|Any CPU = Debug|Any CPU
		Release|Any CPU = Release|Any CPU
	EndGlobalSection
	GlobalSection(ProjectConfigurationPlatforms) = postSolution
		{0ACB792D-5286-4568-9842-C53FE9532162}.Debug|Any CPU.ActiveCfg = Debug|Any CPU
		{0ACB792D-5286-4568-9842-C53FE9532162}.Debug|Any CPU.Build.0 = Debug|Any CPU
		{0ACB792D-5286-4568-9842-C53FE9532162}.Release|Any CPU.ActiveCfg = Release|Any CPU
		{0ACB792D-5286-4568-9842-C53FE9532162}.Release|Any CPU.Build.0 = Release|Any CPU
		{16CCAAA1-9D98-485A-A4CE-7FABF5A71840}.Debug|Any CPU.ActiveCfg = Debug|Any CPU
		{16CCAAA1-9D98-485A-A4CE-7FABF5A71840}.Debug|Any CPU.Build.0 = Debug|Any CPU
		{16CCAAA1-9D98-485A-A4CE-7FABF5A71840}.Release|Any CPU.ActiveCfg = Release|Any CPU
		{16CCAAA1-9D98-485A-A4CE-7FABF5A71840}.Release|Any CPU.Build.0 = Release|Any CPU
	EndGlobalSection
	GlobalSection(SolutionProperties) = preSolution
		HideSolutionNode = FALSE
	EndGlobalSection
	GlobalSection(ExtensibilityGlobals) = postSolution
		SolutionGuid = {51CD730C-BD01-46F5-BACB-735D6CFB423B}
	EndGlobalSection
EndGlobal
